
Microsoft Visual Studio Solution File, Format Version 12.00
# Visual Studio Version 16
VisualStudioVersion = 16.0.33214.272
MinimumVisualStudioVersion = 10.0.40219.1
Project("{FAE04EC0-301F-11D3-BF4B-00C04F79EFBC}") = "Vista", "ExamenII_CarlosLucas_Ticket\Vista.csproj", "{85D5AE08-4EB8-470E-B39A-B531CC9AF1DC}"
EndProject
Project("{FAE04EC0-301F-11D3-BF4B-00C04F79EFBC}") = "Entidades", "Entidades\Entidades.csproj", "{E3181AB2-6310-45FA-BAF2-501CB54D90EA}"
EndProject
Project("{FAE04EC0-301F-11D3-BF4B-00C04F79EFBC}") = "Datos", "Datos\Datos.csproj", "{ADDD9EAC-940E-4B33-A3D0-AABCE8FA3217}"
EndProject
Global
	GlobalSection(SolutionConfigurationPlatforms) = preSolution
		Debug|Any CPU = Debug|Any CPU
		Release|Any CPU = Release|Any CPU
	EndGlobalSection
	GlobalSection(ProjectConfigurationPlatforms) = postSolution
		{85D5AE08-4EB8-470E-B39A-B531CC9AF1DC}.Debug|Any CPU.ActiveCfg = Debug|Any CPU
		{85D5AE08-4EB8-470E-B39A-B531CC9AF1DC}.Debug|Any CPU.Build.0 = Debug|Any CPU
		{85D5AE08-4EB8-470E-B39A-B531CC9AF1DC}.Release|Any CPU.ActiveCfg = Release|Any CPU
		{85D5AE08-4EB8-470E-B39A-B531CC9AF1DC}.Release|Any CPU.Build.0 = Release|Any CPU
		{E3181AB2-6310-45FA-BAF2-501CB54D90EA}.Debug|Any CPU.ActiveCfg = Debug|Any CPU
		{E3181AB2-6310-45FA-BAF2-501CB54D90EA}.Debug|Any CPU.Build.0 = Debug|Any CPU
		{E3181AB2-6310-45FA-BAF2-501CB54D90EA}.Release|Any CPU.ActiveCfg = Release|Any CPU
		{E3181AB2-6310-45FA-BAF2-501CB54D90EA}.Release|Any CPU.Build.0 = Release|Any CPU
		{ADDD9EAC-940E-4B33-A3D0-AABCE8FA3217}.Debug|Any CPU.ActiveCfg = Debug|Any CPU
		{ADDD9EAC-940E-4B33-A3D0-AABCE8FA3217}.Debug|Any CPU.Build.0 = Debug|Any CPU
		{ADDD9EAC-940E-4B33-A3D0-AABCE8FA3217}.Release|Any CPU.ActiveCfg = Release|Any CPU
		{ADDD9EAC-940E-4B33-A3D0-AABCE8FA3217}.Release|Any CPU.Build.0 = Release|Any CPU
	EndGlobalSection
	GlobalSection(SolutionProperties) = preSolution
		HideSolutionNode = FALSE
	EndGlobalSection
	GlobalSection(ExtensibilityGlobals) = postSolution
		SolutionGuid = {C3F756A3-33C1-4FAF-8AA5-BA1CE4832C2C}
	EndGlobalSection
EndGlobal
